
Microsoft Visual Studio Solution File, Format Version 12.00
# Visual Studio Version 17
VisualStudioVersion = 17.6.33723.286
MinimumVisualStudioVersion = 10.0.40219.1
Project("{9A19103F-16F7-4668-BE54-9A1E7A4F7556}") = "EmployeeSampleAPI", "EmployeeSampleAPI\EmployeeSampleAPI.csproj", "{729837F0-A522-4627-A836-F023B6ADEFFF}"
EndProject
Global
	GlobalSection(SolutionConfigurationPlatforms) = preSolution
		Debug|Any CPU = Debug|Any CPU
		Release|Any CPU = Release|Any CPU
	EndGlobalSection
	GlobalSection(ProjectConfigurationPlatforms) = postSolution
		{729837F0-A522-4627-A836-F023B6ADEFFF}.Debug|Any CPU.ActiveCfg = Debug|Any CPU
		{729837F0-A522-4627-A836-F023B6ADEFFF}.Debug|Any CPU.Build.0 = Debug|Any CPU
		{729837F0-A522-4627-A836-F023B6ADEFFF}.Release|Any CPU.ActiveCfg = Release|Any CPU
		{729837F0-A522-4627-A836-F023B6ADEFFF}.Release|Any CPU.Build.0 = Release|Any CPU
	EndGlobalSection
	GlobalSection(SolutionProperties) = preSolution
		HideSolutionNode = FALSE
	EndGlobalSection
	GlobalSection(ExtensibilityGlobals) = postSolution
		SolutionGuid = {53C5FB6D-BEC0-40F8-8C74-61050E6B39A8}
	EndGlobalSection
EndGlobal
